// !$*UTF8*$!
{
	archiveVersion = 1;
	classes = {
	};
	objectVersion = 77;
	objects = {

/* Begin PBXContainerItemProxy section */
		B7FABF88302DC97F00443EF1 /* PBXContainerItemProxy */ = {
			isa = PBXContainerItemProxy;
			containerPortal = B7FABF72302DC97D00443EF1 /* Project object */;
			proxyType = 1;
			remoteGlobalIDString = B7FABF79302DC97D00443EF1;
			remoteInfo = BackgroundURLSessionDemo;
		};
		B7FABF92302DC97F00443EF1 /* PBXContainerItemProxy */ = {
			isa = PBXContainerItemProxy;
			containerPortal = B7FABF72302DC97D00443EF1 /* Project object */;
			proxyType = 1;
			remoteGlobalIDString = B7FABF79302DC97D00443EF1;
			remoteInfo = BackgroundURLSessionDemo;
		};
/* End PBXContainerItemProxy section */

/* Begin PBXFileReference section */
		B7FABF7A302DC97D00443EF1 /* BackgroundURLSessionDemo.app */ = {isa = PBXFileReference; explicitFileType = wrapper.application; includeInIndex = 0; path = BackgroundURLSessionDemo.app; sourceTree = BUILT_PRODUCTS_DIR; };
		B7FABF87302DC97F00443EF1 /* BackgroundURLSessionDemoTests.xctest */ = {isa = PBXFileReference; explicitFileType = wrapper.cfbundle; includeInIndex = 0; path = BackgroundURLSessionDemoTests.xctest; sourceTree = BUILT_PRODUCTS_DIR; };
		B7FABF91302DC97F00443EF1 /* BackgroundURLSessionDemoUITests.xctest */ = {isa = PBXFileReference; explicitFileType = wrapper.cfbundle; includeInIndex = 0; path = BackgroundURLSessionDemoUITests.xctest; sourceTree = BUILT_PRODUCTS_DIR; };
/* End PBXFileReference section */

/* Begin PBXFileSystemSynchronizedRootGroup section */
		B7FABF7C302DC97D00443EF1 /* BackgroundURLSessionDemo */ = {
			isa = PBXFileSystemSynchronizedRootGroup;
			path = BackgroundURLSessionDemo;
			sourceTree = "<group>";
		};
		B7FABF8A302DC97F00443EF1 /* BackgroundURLSessionDemoTests */ = {
			isa = PBXFileSystemSynchronizedRootGroup;
			path = BackgroundURLSessionDemoTests;
			sourceTree = "<group>";
		};
		B7FABF94302DC97F00443EF1 /* BackgroundURLSessionDemoUITests */ = {
			isa = PBXFileSystemSynchronizedRootGroup;
			path = BackgroundURLSessionDemoUITests;
			sourceTree = "<group>";
		};
/* End PBXFileSystemSynchronizedRootGroup section */

/* Begin PBXFrameworksBuildPhase section */
		B7FABF77302DC97D00443EF1 /* Frameworks */ = {
			isa = PBXFrameworksBuildPhase;
			buildActionMask = 2147483647;
			files = (
			);
			runOnlyForDeploymentPostprocessing = 0;
		};
		B7FABF84302DC97F00443EF1 /* Frameworks */ = {
			isa = PBXFrameworksBuildPhase;
			buildActionMask = 2147483647;
			files = (
			);
			runOnlyForDeploymentPostprocessing = 0;
		};
		B7FABF8E302DC97F00443EF1 /* Frameworks */ = {
			isa = PBXFrameworksBuildPhase;
			buildActionMask = 2147483647;
			files = (
			);
			runOnlyForDeploymentPostprocessing = 0;
		};
/* End PBXFrameworksBuildPhase section */

/* Begin PBXGroup section */
		B7FABF71302DC97D00443EF1 = {
			isa = PBXGroup;
			children = (
				B7FABF7C302DC97D00443EF1 /* BackgroundURLSessionDemo */,
				B7FABF8A302DC97F00443EF1 /* BackgroundURLSessionDemoTests */,
				B7FABF94302DC97F00443EF1 /* BackgroundURLSessionDemoUITests */,
				B7FABF7B302DC97D00443EF1 /* Products */,
			);
			sourceTree = "<group>";
		};
		B7FABF7B302DC97D00443EF1 /* Products */ = {
			isa = PBXGroup;
			children = (
				B7FABF7A302DC97D00443EF1 /* BackgroundURLSessionDemo.app */,
				B7FABF87302DC97F00443EF1 /* BackgroundURLSessionDemoTests.xctest */,
				B7FABF91302DC97F00443EF1 /* BackgroundURLSessionDemoUITests.xctest */,
			);
			name = Products;
			sourceTree = "<group>";
		};
/* End PBXGroup section */

/* Begin PBXNativeTarget section */
		B7FABF79302DC97D00443EF1 /* BackgroundURLSessionDemo */ = {
			isa = PBXNativeTarget;
			buildConfigurationList = B7FABF9B302DC97F00443EF1 /* Build configuration list for PBXNativeTarget "BackgroundURLSessionDemo" */;
			buildPhases = (
				B7FABF76302DC97D00443EF1 /* Sources */,
				B7FABF77302DC97D00443EF1 /* Frameworks */,
				B7FABF78302DC97D00443EF1 /* Resources */,
			);
			buildRules = (
			);
			dependencies = (
			);
			fileSystemSynchronizedGroups = (
				B7FABF7C302DC97D00443EF1 /* BackgroundURLSessionDemo */,
			);
			name = BackgroundURLSessionDemo;
			packageProductDependencies = (
			);
			productName = BackgroundURLSessionDemo;
			productReference = B7FABF7A302DC97D00443EF1 /* BackgroundURLSessionDemo.app */;
			productType = "com.apple.product-type.application";
		};
		B7FABF86302DC97F00443EF1 /* BackgroundURLSessionDemoTests */ = {
			isa = PBXNativeTarget;
			buildConfigurationList = B7FABF9E302DC97F00443EF1 /* Build configuration list for PBXNativeTarget "BackgroundURLSessionDemoTests" */;
			buildPhases = (
				B7FABF83302DC97F00443EF1 /* Sources */,
				B7FABF84302DC97F00443EF1 /* Frameworks */,
				B7FABF85302DC97F00443EF1 /* Resources */,
			);
			buildRules = (
			);
			dependencies = (
				B7FABF89302DC97F00443EF1 /* PBXTargetDependency */,
			);
			fileSystemSynchronizedGroups = (
				B7FABF8A302DC97F00443EF1 /* BackgroundURLSessionDemoTests */,
			);
			name = BackgroundURLSessionDemoTests;
			packageProductDependencies = (
			);
			productName = BackgroundURLSessionDemoTests;
			productReference = B7FABF87302DC97F00443EF1 /* BackgroundURLSessionDemoTests.xctest */;
			productType = "com.apple.product-type.bundle.unit-test";
		};
		B7FABF90302DC97F00443EF1 /* BackgroundURLSessionDemoUITests */ = {
			isa = PBXNativeTarget;
			buildConfigurationList = B7FABFA1302DC97F00443EF1 /* Build configuration list for PBXNativeTarget "BackgroundURLSessionDemoUITests" */;
			buildPhases = (
				B7FABF8D302DC97F00443EF1 /* Sources */,
				B7FABF8E302DC97F00443EF1 /* Frameworks */,
				B7FABF8F302DC97F00443EF1 /* Resources */,
			);
			buildRules = (
			);
			dependencies = (
				B7FABF93302DC97F00443EF1 /* PBXTargetDependency */,
			);
			fileSystemSynchronizedGroups = (
				B7FABF94302DC97F00443EF1 /* BackgroundURLSessionDemoUITests */,
			);
			name = BackgroundURLSessionDemoUITests;
			packageProductDependencies = (
			);
			productName = BackgroundURLSessionDemoUITests;
			productReference = B7FABF91302DC97F00443EF1 /* BackgroundURLSessionDemoUITests.xctest */;
			productType = "com.apple.product-type.bundle.ui-testing";
		};
/* End PBXNativeTarget section */

/* Begin PBXProject section */
		B7FABF72302DC97D00443EF1 /* Project object */ = {
			isa = PBXProject;
			attributes = {
				BuildIndependentTargetsInParallel = 1;
				LastSwiftUpdateCheck = 2660;
				LastUpgradeCheck = 2660;
				TargetAttributes = {
					B7FABF79302DC97D00443EF1 = {
						CreatedOnToolsVersion = 26.6;
					};
					B7FABF86302DC97F00443EF1 = {
						CreatedOnToolsVersion = 26.6;
						TestTargetID = B7FABF79302DC97D00443EF1;
					};
					B7FABF90302DC97F00443EF1 = {
						CreatedOnToolsVersion = 26.6;
						TestTargetID = B7FABF79302DC97D00443EF1;
					};
				};
			};
			buildConfigurationList = B7FABF75302DC97D00443EF1 /* Build configuration list for PBXProject "BackgroundURLSessionDemo" */;
			developmentRegion = en;
			hasScannedForEncodings = 0;
			knownRegions = (
				en,
				Base,
			);
			mainGroup = B7FABF71302DC97D00443EF1;
			minimizedProjectReferenceProxies = 1;
			preferredProjectObjectVersion = 77;
			productRefGroup = B7FABF7B302DC97D00443EF1 /* Products */;
			projectDirPath = "";
			projectRoot = "";
			targets = (
				B7FABF79302DC97D00443EF1 /* BackgroundURLSessionDemo */,
				B7FABF86302DC97F00443EF1 /* BackgroundURLSessionDemoTests */,
				B7FABF90302DC97F00443EF1 /* BackgroundURLSessionDemoUITests */,
			);
		};
/* End PBXProject section */

/* Begin PBXResourcesBuildPhase section */
		B7FABF78302DC97D00443EF1 /* Resources */ = {
			isa = PBXResourcesBuildPhase;
			buildActionMask = 2147483647;
			files = (
			);
			runOnlyForDeploymentPostprocessing = 0;
		};
		B7FABF85302DC97F00443EF1 /* Resources */ = {
			isa = PBXResourcesBuildPhase;
			buildActionMask = 2147483647;
			files = (
			);
			runOnlyForDeploymentPostprocessing = 0;
		};
		B7FABF8F302DC97F00443EF1 /* Resources */ = {
			isa = PBXResourcesBuildPhase;
			buildActionMask = 2147483647;
			files = (
			);
			runOnlyForDeploymentPostprocessing = 0;
		};
/* End PBXResourcesBuildPhase section */

/* Begin PBXSourcesBuildPhase section */
		B7FABF76302DC97D00443EF1 /* Sources */ = {
			isa = PBXSourcesBuildPhase;
			buildActionMask = 2147483647;
			files = (
			);
			runOnlyForDeploymentPostprocessing = 0;
		};
		B7FABF83302DC97F00443EF1 /* Sources */ = {
			isa = PBXSourcesBuildPhase;
			buildActionMask = 2147483647;
			files = (
			);
			runOnlyForDeploymentPostprocessing = 0;
		};
		B7FABF8D302DC97F00443EF1 /* Sources */ = {
			isa = PBXSourcesBuildPhase;
			buildActionMask = 2147483647;
			files = (
			);
			runOnlyForDeploymentPostprocessing = 0;
		};
/* End PBXSourcesBuildPhase section */

/* Begin PBXTargetDependency section */
		B7FABF89302DC97F00443EF1 /* PBXTargetDependency */ = {
			isa = PBXTargetDependency;
			target = B7FABF79302DC97D00443EF1 /* BackgroundURLSessionDemo */;
			targetProxy = B7FABF88302DC97F00443EF1 /* PBXContainerItemProxy */;
		};
		B7FABF93302DC97F00443EF1 /* PBXTargetDependency */ = {
			isa = PBXTargetDependency;
			target = B7FABF79302DC97D00443EF1 /* BackgroundURLSessionDemo */;
			targetProxy = B7FABF92302DC97F00443EF1 /* PBXContainerItemProxy */;
		};
/* End PBXTargetDependency section */

/* Begin XCBuildConfiguration section */
		B7FABF99302DC97F00443EF1 /* Debug */ = {
			isa = XCBuildConfiguration;
			buildSettings = {
				ALWAYS_SEARCH_USER_PATHS = NO;
				ASSETCATALOG_COMPILER_GENERATE_SWIFT_ASSET_SYMBOL_EXTENSIONS = YES;
				CLANG_ANALYZER_NONNULL = YES;
				CLANG_ANALYZER_NUMBER_OBJECT_CONVERSION = YES_AGGRESSIVE;
				CLANG_CXX_LANGUAGE_STANDARD = "gnu++20";
				CLANG_ENABLE_MODULES = YES;
				CLANG_ENABLE_OBJC_ARC = YES;
				CLANG_ENABLE_OBJC_WEAK = YES;
				CLANG_WARN_BLOCK_CAPTURE_AUTORELEASING = YES;
				CLANG_WARN_BOOL_CONVERSION = YES;
				CLANG_WARN_COMMA = YES;
				CLANG_WARN_CONSTANT_CONVERSION = YES;
				CLANG_WARN_DEPRECATED_OBJC_IMPLEMENTATIONS = YES;
				CLANG_WARN_DIRECT_OBJC_ISA_USAGE = YES_ERROR;
				CLANG_WARN_DOCUMENTATION_COMMENTS = YES;
				CLANG_WARN_EMPTY_BODY = YES;
				CLANG_WARN_ENUM_CONVERSION = YES;
				CLANG_WARN_INFINITE_RECURSION = YES;
				CLANG_WARN_INT_CONVERSION = YES;
				CLANG_WARN_NON_LITERAL_NULL_CONVERSION = YES;
				CLANG_WARN_OBJC_IMPLICIT_RETAIN_SELF = YES;
				CLANG_WARN_OBJC_LITERAL_CONVERSION = YES;
				CLANG_WARN_OBJC_ROOT_CLASS = YES_ERROR;
				CLANG_WARN_QUOTED_INCLUDE_IN_FRAMEWORK_HEADER = YES;
				CLANG_WARN_RANGE_LOOP_ANALYSIS = YES;
				CLANG_WARN_STRICT_PROTOTYPES = YES;
				CLANG_WARN_SUSPICIOUS_MOVE = YES;
				CLANG_WARN_UNGUARDED_AVAILABILITY = YES_AGGRESSIVE;
				CLANG_WARN_UNREACHABLE_CODE = YES;
				CLANG_WARN__DUPLICATE_METHOD_MATCH = YES;
				COPY_PHASE_STRIP = NO;
				DEBUG_INFORMATION_FORMAT = dwarf;
				ENABLE_STRICT_OBJC_MSGSEND = YES;
				ENABLE_TESTABILITY = YES;
				ENABLE_USER_SCRIPT_SANDBOXING = YES;
				GCC_C_LANGUAGE_STANDARD = gnu17;
				GCC_DYNAMIC_NO_PIC = NO;
				GCC_NO_COMMON_BLOCKS = YES;
				GCC_OPTIMIZATION_LEVEL = 0;
				GCC_PREPROCESSOR_DEFINITIONS = (
					"DEBUG=1",
					"$(inherited)",
				);
				GCC_WARN_64_TO_32_BIT_CONVERSION = YES;
				GCC_WARN_ABOUT_RETURN_TYPE = YES_ERROR;
				GCC_WARN_UNDECLARED_SELECTOR = YES;
				GCC_WARN_UNINITIALIZED_AUTOS = YES_AGGRESSIVE;
				GCC_WARN_UNUSED_FUNCTION = YES;
				GCC_WARN_UNUSED_VARIABLE = YES;
				IPHONEOS_DEPLOYMENT_TARGET = 26.5;
				LOCALIZATION_PREFERS_STRING_CATALOGS = YES;
				MTL_ENABLE_DEBUG_INFO = INCLUDE_SOURCE;
				MTL_FAST_MATH = YES;
				ONLY_ACTIVE_ARCH = YES;
				SDKROOT = iphoneos;
				SWIFT_ACTIVE_COMPILATION_CONDITIONS = "DEBUG $(inherited)";
				SWIFT_OPTIMIZATION_LEVEL = "-Onone";
			};
			name = Debug;
		};
		B7FABF9A302DC97F00443EF1 /* Release */ = {
			isa = XCBuildConfiguration;
			buildSettings = {
				ALWAYS_SEARCH_USER_PATHS = NO;
				ASSETCATALOG_COMPILER_GENERATE_SWIFT_ASSET_SYMBOL_EXTENSIONS = YES;
				CLANG_ANALYZER_NONNULL = YES;
				CLANG_ANALYZER_NUMBER_OBJECT_CONVERSION = YES_AGGRESSIVE;
				CLANG_CXX_LANGUAGE_STANDARD = "gnu++20";
				CLANG_ENABLE_MODULES = YES;
				CLANG_ENABLE_OBJC_ARC = YES;
				CLANG_ENABLE_OBJC_WEAK = YES;
				CLANG_WARN_BLOCK_CAPTURE_AUTORELEASING = YES;
				CLANG_WARN_BOOL_CONVERSION = YES;
				CLANG_WARN_COMMA = YES;
				CLANG_WARN_CONSTANT_CONVERSION = YES;
				CLANG_WARN_DEPRECATED_OBJC_IMPLEMENTATIONS = YES;
				CLANG_WARN_DIRECT_OBJC_ISA_USAGE = YES_ERROR;
				CLANG_WARN_DOCUMENTATION_COMMENTS = YES;
				CLANG_WARN_EMPTY_BODY = YES;
				CLANG_WARN_ENUM_CONVERSION = YES;
				CLANG_WARN_INFINITE_RECURSION = YES;
				CLANG_WARN_INT_CONVERSION = YES;
				CLANG_WARN_NON_LITERAL_NULL_CONVERSION = YES;
				CLANG_WARN_OBJC_IMPLICIT_RETAIN_SELF = YES;
				CLANG_WARN_OBJC_LITERAL_CONVERSION = YES;
				CLANG_WARN_OBJC_ROOT_CLASS = YES_ERROR;
				CLANG_WARN_QUOTED_INCLUDE_IN_FRAMEWORK_HEADER = YES;
				CLANG_WARN_RANGE_LOOP_ANALYSIS = YES;
				CLANG_WARN_STRICT_PROTOTYPES = YES;
				CLANG_WARN_SUSPICIOUS_MOVE = YES;
				CLANG_WARN_UNGUARDED_AVAILABILITY = YES_AGGRESSIVE;
				CLANG_WARN_UNREACHABLE_CODE = YES;
				CLANG_WARN__DUPLICATE_METHOD_MATCH = YES;
				COPY_PHASE_STRIP = NO;
				DEBUG_INFORMATION_FORMAT = "dwarf-with-dsym";
				ENABLE_NS_ASSERTIONS = NO;
				ENABLE_STRICT_OBJC_MSGSEND = YES;
				ENABLE_USER_SCRIPT_SANDBOXING = YES;
				GCC_C_LANGUAGE_STANDARD = gnu17;
				GCC_NO_COMMON_BLOCKS = YES;
				GCC_WARN_64_TO_32_BIT_CONVERSION = YES;
				GCC_WARN_ABOUT_RETURN_TYPE = YES_ERROR;
				GCC_WARN_UNDECLARED_SELECTOR = YES;
				GCC_WARN_UNINITIALIZED_AUTOS = YES_AGGRESSIVE;
				GCC_WARN_UNUSED_FUNCTION = YES;
				GCC_WARN_UNUSED_VARIABLE = YES;
				IPHONEOS_DEPLOYMENT_TARGET = 26.5;
				LOCALIZATION_PREFERS_STRING_CATALOGS = YES;
				MTL_ENABLE_DEBUG_INFO = NO;
				MTL_FAST_MATH = YES;
				SDKROOT = iphoneos;
				SWIFT_COMPILATION_MODE = wholemodule;
				VALIDATE_PRODUCT = YES;
			};
			name = Release;
		};
		B7FABF9C302DC97F00443EF1 /* Debug */ = {
			isa = XCBuildConfiguration;
			buildSettings = {
				ASSETCATALOG_COMPILER_APPICON_NAME = AppIcon;
				ASSETCATALOG_COMPILER_GLOBAL_ACCENT_COLOR_NAME = AccentColor;
				CODE_SIGN_STYLE = Automatic;
				CURRENT_PROJECT_VERSION = 1;
				ENABLE_PREVIEWS = YES;
				GENERATE_INFOPLIST_FILE = YES;
				INFOPLIST_KEY_UIApplicationSceneManifest_Generation = YES;
				INFOPLIST_KEY_UIApplicationSupportsIndirectInputEvents = YES;
				INFOPLIST_KEY_UILaunchScreen_Generation = YES;
				INFOPLIST_KEY_UISupportedInterfaceOrientations_iPad = "UIInterfaceOrientationPortrait UIInterfaceOrientationPortraitUpsideDown UIInterfaceOrientationLandscapeLeft UIInterfaceOrientationLandscapeRight";
				INFOPLIST_KEY_UISupportedInterfaceOrientations_iPhone = "UIInterfaceOrientationPortrait UIInterfaceOrientationLandscapeLeft UIInterfaceOrientationLandscapeRight";
				LD_RUNPATH_SEARCH_PATHS = (
					"$(inherited)",
					"@executable_path/Frameworks",
				);
				MARKETING_VERSION = 1.0;
				PRODUCT_BUNDLE_IDENTIFIER = pqhuy87it.BackgroundURLSessionDemo;
				PRODUCT_NAME = "$(TARGET_NAME)";
				STRING_CATALOG_GENERATE_SYMBOLS = YES;
				SWIFT_APPROACHABLE_CONCURRENCY = YES;
				SWIFT_DEFAULT_ACTOR_ISOLATION = MainActor;
				SWIFT_EMIT_LOC_STRINGS = YES;
				SWIFT_UPCOMING_FEATURE_MEMBER_IMPORT_VISIBILITY = YES;
				SWIFT_VERSION = 5.0;
				TARGETED_DEVICE_FAMILY = "1,2";
			};
			name = Debug;
		};
		B7FABF9D302DC97F00443EF1 /* Release */ = {
			isa = XCBuildConfiguration;
			buildSettings = {
				ASSETCATALOG_COMPILER_APPICON_NAME = AppIcon;
				ASSETCATALOG_COMPILER_GLOBAL_ACCENT_COLOR_NAME = AccentColor;
				CODE_SIGN_STYLE = Automatic;
				CURRENT_PROJECT_VERSION = 1;
				ENABLE_PREVIEWS = YES;
				GENERATE_INFOPLIST_FILE = YES;
				INFOPLIST_KEY_UIApplicationSceneManifest_Generation = YES;
				INFOPLIST_KEY_UIApplicationSupportsIndirectInputEvents = YES;
				INFOPLIST_KEY_UILaunchScreen_Generation = YES;
				INFOPLIST_KEY_UISupportedInterfaceOrientations_iPad = "UIInterfaceOrientationPortrait UIInterfaceOrientationPortraitUpsideDown UIInterfaceOrientationLandscapeLeft UIInterfaceOrientationLandscapeRight";
				INFOPLIST_KEY_UISupportedInterfaceOrientations_iPhone = "UIInterfaceOrientationPortrait UIInterfaceOrientationLandscapeLeft UIInterfaceOrientationLandscapeRight";
				LD_RUNPATH_SEARCH_PATHS = (
					"$(inherited)",
					"@executable_path/Frameworks",
				);
				MARKETING_VERSION = 1.0;
				PRODUCT_BUNDLE_IDENTIFIER = pqhuy87it.BackgroundURLSessionDemo;
				PRODUCT_NAME = "$(TARGET_NAME)";
				STRING_CATALOG_GENERATE_SYMBOLS = YES;
				SWIFT_APPROACHABLE_CONCURRENCY = YES;
				SWIFT_DEFAULT_ACTOR_ISOLATION = MainActor;
				SWIFT_EMIT_LOC_STRINGS = YES;
				SWIFT_UPCOMING_FEATURE_MEMBER_IMPORT_VISIBILITY = YES;
				SWIFT_VERSION = 5.0;
				TARGETED_DEVICE_FAMILY = "1,2";
			};
			name = Release;
		};
		B7FABF9F302DC97F00443EF1 /* Debug */ = {
			isa = XCBuildConfiguration;
			buildSettings = {
				BUNDLE_LOADER = "$(TEST_HOST)";
				CODE_SIGN_STYLE = Automatic;
				CURRENT_PROJECT_VERSION = 1;
				GENERATE_INFOPLIST_FILE = YES;
				IPHONEOS_DEPLOYMENT_TARGET = 26.5;
				MARKETING_VERSION = 1.0;
				PRODUCT_BUNDLE_IDENTIFIER = pqhuy87it.BackgroundURLSessionDemoTests;
				PRODUCT_NAME = "$(TARGET_NAME)";
				STRING_CATALOG_GENERATE_SYMBOLS = NO;
				SWIFT_APPROACHABLE_CONCURRENCY = YES;
				SWIFT_EMIT_LOC_STRINGS = NO;
				SWIFT_UPCOMING_FEATURE_MEMBER_IMPORT_VISIBILITY = YES;
				SWIFT_VERSION = 5.0;
				TARGETED_DEVICE_FAMILY = "1,2";
				TEST_HOST = "$(BUILT_PRODUCTS_DIR)/BackgroundURLSessionDemo.app/$(BUNDLE_EXECUTABLE_FOLDER_PATH)/BackgroundURLSessionDemo";
			};
			name = Debug;
		};
		B7FABFA0302DC97F00443EF1 /* Release */ = {
			isa = XCBuildConfiguration;
			buildSettings = {
				BUNDLE_LOADER = "$(TEST_HOST)";
				CODE_SIGN_STYLE = Automatic;
				CURRENT_PROJECT_VERSION = 1;
				GENERATE_INFOPLIST_FILE = YES;
				IPHONEOS_DEPLOYMENT_TARGET = 26.5;
				MARKETING_VERSION = 1.0;
				PRODUCT_BUNDLE_IDENTIFIER = pqhuy87it.BackgroundURLSessionDemoTests;
				PRODUCT_NAME = "$(TARGET_NAME)";
				STRING_CATALOG_GENERATE_SYMBOLS = NO;
				SWIFT_APPROACHABLE_CONCURRENCY = YES;
				SWIFT_EMIT_LOC_STRINGS = NO;
				SWIFT_UPCOMING_FEATURE_MEMBER_IMPORT_VISIBILITY = YES;
				SWIFT_VERSION = 5.0;
				TARGETED_DEVICE_FAMILY = "1,2";
				TEST_HOST = "$(BUILT_PRODUCTS_DIR)/BackgroundURLSessionDemo.app/$(BUNDLE_EXECUTABLE_FOLDER_PATH)/BackgroundURLSessionDemo";
			};
			name = Release;
		};
		B7FABFA2302DC97F00443EF1 /* Debug */ = {
			isa = XCBuildConfiguration;
			buildSettings = {
				CODE_SIGN_STYLE = Automatic;
				CURRENT_PROJECT_VERSION = 1;
				GENERATE_INFOPLIST_FILE = YES;
				MARKETING_VERSION = 1.0;
				PRODUCT_BUNDLE_IDENTIFIER = pqhuy87it.BackgroundURLSessionDemoUITests;
				PRODUCT_NAME = "$(TARGET_NAME)";
				STRING_CATALOG_GENERATE_SYMBOLS = NO;
				SWIFT_APPROACHABLE_CONCURRENCY = YES;
				SWIFT_EMIT_LOC_STRINGS = NO;
				SWIFT_UPCOMING_FEATURE_MEMBER_IMPORT_VISIBILITY = YES;
				SWIFT_VERSION = 5.0;
				TARGETED_DEVICE_FAMILY = "1,2";
				TEST_TARGET_NAME = BackgroundURLSessionDemo;
			};
			name = Debug;
		};
		B7FABFA3302DC97F00443EF1 /* Release */ = {
			isa = XCBuildConfiguration;
			buildSettings = {
				CODE_SIGN_STYLE = Automatic;
				CURRENT_PROJECT_VERSION = 1;
				GENERATE_INFOPLIST_FILE = YES;
				MARKETING_VERSION = 1.0;
				PRODUCT_BUNDLE_IDENTIFIER = pqhuy87it.BackgroundURLSessionDemoUITests;
				PRODUCT_NAME = "$(TARGET_NAME)";
				STRING_CATALOG_GENERATE_SYMBOLS = NO;
				SWIFT_APPROACHABLE_CONCURRENCY = YES;
				SWIFT_EMIT_LOC_STRINGS = NO;
				SWIFT_UPCOMING_FEATURE_MEMBER_IMPORT_VISIBILITY = YES;
				SWIFT_VERSION = 5.0;
				TARGETED_DEVICE_FAMILY = "1,2";
				TEST_TARGET_NAME = BackgroundURLSessionDemo;
			};
			name = Release;
		};
/* End XCBuildConfiguration section */

/* Begin XCConfigurationList section */
		B7FABF75302DC97D00443EF1 /* Build configuration list for PBXProject "BackgroundURLSessionDemo" */ = {
			isa = XCConfigurationList;
			buildConfigurations = (
				B7FABF99302DC97F00443EF1 /* Debug */,
				B7FABF9A302DC97F00443EF1 /* Release */,
			);
			defaultConfigurationIsVisible = 0;
			defaultConfigurationName = Release;
		};
		B7FABF9B302DC97F00443EF1 /* Build configuration list for PBXNativeTarget "BackgroundURLSessionDemo" */ = {
			isa = XCConfigurationList;
			buildConfigurations = (
				B7FABF9C302DC97F00443EF1 /* Debug */,
				B7FABF9D302DC97F00443EF1 /* Release */,
			);
			defaultConfigurationIsVisible = 0;
			defaultConfigurationName = Release;
		};
		B7FABF9E302DC97F00443EF1 /* Build configuration list for PBXNativeTarget "BackgroundURLSessionDemoTests" */ = {
			isa = XCConfigurationList;
			buildConfigurations = (
				B7FABF9F302DC97F00443EF1 /* Debug */,
				B7FABFA0302DC97F00443EF1 /* Release */,
			);
			defaultConfigurationIsVisible = 0;
			defaultConfigurationName = Release;
		};
		B7FABFA1302DC97F00443EF1 /* Build configuration list for PBXNativeTarget "BackgroundURLSessionDemoUITests" */ = {
			isa = XCConfigurationList;
			buildConfigurations = (
				B7FABFA2302DC97F00443EF1 /* Debug */,
				B7FABFA3302DC97F00443EF1 /* Release */,
			);
			defaultConfigurationIsVisible = 0;
			defaultConfigurationName = Release;
		};
/* End XCConfigurationList section */
	};
	rootObject = B7FABF72302DC97D00443EF1 /* Project object */;
}
