// !$*UTF8*$!
{
	archiveVersion = 1;
	classes = {
	};
	objectVersion = 77;
	objects = {

/* Begin PBXContainerItemProxy section */
		B78CE9562FADB777003F1CBB /* PBXContainerItemProxy */ = {
			isa = PBXContainerItemProxy;
			containerPortal = B78CE9402FADB775003F1CBB /* Project object */;
			proxyType = 1;
			remoteGlobalIDString = B78CE9472FADB775003F1CBB;
			remoteInfo = ViewModelProblemFixed2Demo;
		};
		B78CE9602FADB777003F1CBB /* PBXContainerItemProxy */ = {
			isa = PBXContainerItemProxy;
			containerPortal = B78CE9402FADB775003F1CBB /* Project object */;
			proxyType = 1;
			remoteGlobalIDString = B78CE9472FADB775003F1CBB;
			remoteInfo = ViewModelProblemFixed2Demo;
		};
/* End PBXContainerItemProxy section */

/* Begin PBXFileReference section */
		B78CE9482FADB775003F1CBB /* ViewModelProblemFixed2Demo.app */ = {isa = PBXFileReference; explicitFileType = wrapper.application; includeInIndex = 0; path = ViewModelProblemFixed2Demo.app; sourceTree = BUILT_PRODUCTS_DIR; };
		B78CE9552FADB777003F1CBB /* ViewModelProblemFixed2DemoTests.xctest */ = {isa = PBXFileReference; explicitFileType = wrapper.cfbundle; includeInIndex = 0; path = ViewModelProblemFixed2DemoTests.xctest; sourceTree = BUILT_PRODUCTS_DIR; };
		B78CE95F2FADB777003F1CBB /* ViewModelProblemFixed2DemoUITests.xctest */ = {isa = PBXFileReference; explicitFileType = wrapper.cfbundle; includeInIndex = 0; path = ViewModelProblemFixed2DemoUITests.xctest; sourceTree = BUILT_PRODUCTS_DIR; };
/* End PBXFileReference section */

/* Begin PBXFileSystemSynchronizedRootGroup section */
		B78CE94A2FADB775003F1CBB /* ViewModelProblemFixed2Demo */ = {
			isa = PBXFileSystemSynchronizedRootGroup;
			path = ViewModelProblemFixed2Demo;
			sourceTree = "<group>";
		};
		B78CE9582FADB777003F1CBB /* ViewModelProblemFixed2DemoTests */ = {
			isa = PBXFileSystemSynchronizedRootGroup;
			path = ViewModelProblemFixed2DemoTests;
			sourceTree = "<group>";
		};
		B78CE9622FADB777003F1CBB /* ViewModelProblemFixed2DemoUITests */ = {
			isa = PBXFileSystemSynchronizedRootGroup;
			path = ViewModelProblemFixed2DemoUITests;
			sourceTree = "<group>";
		};
/* End PBXFileSystemSynchronizedRootGroup section */

/* Begin PBXFrameworksBuildPhase section */
		B78CE9452FADB775003F1CBB /* Frameworks */ = {
			isa = PBXFrameworksBuildPhase;
			buildActionMask = 2147483647;
			files = (
			);
			runOnlyForDeploymentPostprocessing = 0;
		};
		B78CE9522FADB777003F1CBB /* Frameworks */ = {
			isa = PBXFrameworksBuildPhase;
			buildActionMask = 2147483647;
			files = (
			);
			runOnlyForDeploymentPostprocessing = 0;
		};
		B78CE95C2FADB777003F1CBB /* Frameworks */ = {
			isa = PBXFrameworksBuildPhase;
			buildActionMask = 2147483647;
			files = (
			);
			runOnlyForDeploymentPostprocessing = 0;
		};
/* End PBXFrameworksBuildPhase section */

/* Begin PBXGroup section */
		B78CE93F2FADB775003F1CBB = {
			isa = PBXGroup;
			children = (
				B78CE94A2FADB775003F1CBB /* ViewModelProblemFixed2Demo */,
				B78CE9582FADB777003F1CBB /* ViewModelProblemFixed2DemoTests */,
				B78CE9622FADB777003F1CBB /* ViewModelProblemFixed2DemoUITests */,
				B78CE9492FADB775003F1CBB /* Products */,
			);
			sourceTree = "<group>";
		};
		B78CE9492FADB775003F1CBB /* Products */ = {
			isa = PBXGroup;
			children = (
				B78CE9482FADB775003F1CBB /* ViewModelProblemFixed2Demo.app */,
				B78CE9552FADB777003F1CBB /* ViewModelProblemFixed2DemoTests.xctest */,
				B78CE95F2FADB777003F1CBB /* ViewModelProblemFixed2DemoUITests.xctest */,
			);
			name = Products;
			sourceTree = "<group>";
		};
/* End PBXGroup section */

/* Begin PBXNativeTarget section */
		B78CE9472FADB775003F1CBB /* ViewModelProblemFixed2Demo */ = {
			isa = PBXNativeTarget;
			buildConfigurationList = B78CE9692FADB777003F1CBB /* Build configuration list for PBXNativeTarget "ViewModelProblemFixed2Demo" */;
			buildPhases = (
				B78CE9442FADB775003F1CBB /* Sources */,
				B78CE9452FADB775003F1CBB /* Frameworks */,
				B78CE9462FADB775003F1CBB /* Resources */,
			);
			buildRules = (
			);
			dependencies = (
			);
			fileSystemSynchronizedGroups = (
				B78CE94A2FADB775003F1CBB /* ViewModelProblemFixed2Demo */,
			);
			name = ViewModelProblemFixed2Demo;
			packageProductDependencies = (
			);
			productName = ViewModelProblemFixed2Demo;
			productReference = B78CE9482FADB775003F1CBB /* ViewModelProblemFixed2Demo.app */;
			productType = "com.apple.product-type.application";
		};
		B78CE9542FADB777003F1CBB /* ViewModelProblemFixed2DemoTests */ = {
			isa = PBXNativeTarget;
			buildConfigurationList = B78CE96C2FADB777003F1CBB /* Build configuration list for PBXNativeTarget "ViewModelProblemFixed2DemoTests" */;
			buildPhases = (
				B78CE9512FADB777003F1CBB /* Sources */,
				B78CE9522FADB777003F1CBB /* Frameworks */,
				B78CE9532FADB777003F1CBB /* Resources */,
			);
			buildRules = (
			);
			dependencies = (
				B78CE9572FADB777003F1CBB /* PBXTargetDependency */,
			);
			fileSystemSynchronizedGroups = (
				B78CE9582FADB777003F1CBB /* ViewModelProblemFixed2DemoTests */,
			);
			name = ViewModelProblemFixed2DemoTests;
			packageProductDependencies = (
			);
			productName = ViewModelProblemFixed2DemoTests;
			productReference = B78CE9552FADB777003F1CBB /* ViewModelProblemFixed2DemoTests.xctest */;
			productType = "com.apple.product-type.bundle.unit-test";
		};
		B78CE95E2FADB777003F1CBB /* ViewModelProblemFixed2DemoUITests */ = {
			isa = PBXNativeTarget;
			buildConfigurationList = B78CE96F2FADB777003F1CBB /* Build configuration list for PBXNativeTarget "ViewModelProblemFixed2DemoUITests" */;
			buildPhases = (
				B78CE95B2FADB777003F1CBB /* Sources */,
				B78CE95C2FADB777003F1CBB /* Frameworks */,
				B78CE95D2FADB777003F1CBB /* Resources */,
			);
			buildRules = (
			);
			dependencies = (
				B78CE9612FADB777003F1CBB /* PBXTargetDependency */,
			);
			fileSystemSynchronizedGroups = (
				B78CE9622FADB777003F1CBB /* ViewModelProblemFixed2DemoUITests */,
			);
			name = ViewModelProblemFixed2DemoUITests;
			packageProductDependencies = (
			);
			productName = ViewModelProblemFixed2DemoUITests;
			productReference = B78CE95F2FADB777003F1CBB /* ViewModelProblemFixed2DemoUITests.xctest */;
			productType = "com.apple.product-type.bundle.ui-testing";
		};
/* End PBXNativeTarget section */

/* Begin PBXProject section */
		B78CE9402FADB775003F1CBB /* Project object */ = {
			isa = PBXProject;
			attributes = {
				BuildIndependentTargetsInParallel = 1;
				LastSwiftUpdateCheck = 2640;
				LastUpgradeCheck = 2640;
				TargetAttributes = {
					B78CE9472FADB775003F1CBB = {
						CreatedOnToolsVersion = 26.4.1;
					};
					B78CE9542FADB777003F1CBB = {
						CreatedOnToolsVersion = 26.4.1;
						TestTargetID = B78CE9472FADB775003F1CBB;
					};
					B78CE95E2FADB777003F1CBB = {
						CreatedOnToolsVersion = 26.4.1;
						TestTargetID = B78CE9472FADB775003F1CBB;
					};
				};
			};
			buildConfigurationList = B78CE9432FADB775003F1CBB /* Build configuration list for PBXProject "ViewModelProblemFixed2Demo" */;
			developmentRegion = en;
			hasScannedForEncodings = 0;
			knownRegions = (
				en,
				Base,
			);
			mainGroup = B78CE93F2FADB775003F1CBB;
			minimizedProjectReferenceProxies = 1;
			preferredProjectObjectVersion = 77;
			productRefGroup = B78CE9492FADB775003F1CBB /* Products */;
			projectDirPath = "";
			projectRoot = "";
			targets = (
				B78CE9472FADB775003F1CBB /* ViewModelProblemFixed2Demo */,
				B78CE9542FADB777003F1CBB /* ViewModelProblemFixed2DemoTests */,
				B78CE95E2FADB777003F1CBB /* ViewModelProblemFixed2DemoUITests */,
			);
		};
/* End PBXProject section */

/* Begin PBXResourcesBuildPhase section */
		B78CE9462FADB775003F1CBB /* Resources */ = {
			isa = PBXResourcesBuildPhase;
			buildActionMask = 2147483647;
			files = (
			);
			runOnlyForDeploymentPostprocessing = 0;
		};
		B78CE9532FADB777003F1CBB /* Resources */ = {
			isa = PBXResourcesBuildPhase;
			buildActionMask = 2147483647;
			files = (
			);
			runOnlyForDeploymentPostprocessing = 0;
		};
		B78CE95D2FADB777003F1CBB /* Resources */ = {
			isa = PBXResourcesBuildPhase;
			buildActionMask = 2147483647;
			files = (
			);
			runOnlyForDeploymentPostprocessing = 0;
		};
/* End PBXResourcesBuildPhase section */

/* Begin PBXSourcesBuildPhase section */
		B78CE9442FADB775003F1CBB /* Sources */ = {
			isa = PBXSourcesBuildPhase;
			buildActionMask = 2147483647;
			files = (
			);
			runOnlyForDeploymentPostprocessing = 0;
		};
		B78CE9512FADB777003F1CBB /* Sources */ = {
			isa = PBXSourcesBuildPhase;
			buildActionMask = 2147483647;
			files = (
			);
			runOnlyForDeploymentPostprocessing = 0;
		};
		B78CE95B2FADB777003F1CBB /* Sources */ = {
			isa = PBXSourcesBuildPhase;
			buildActionMask = 2147483647;
			files = (
			);
			runOnlyForDeploymentPostprocessing = 0;
		};
/* End PBXSourcesBuildPhase section */

/* Begin PBXTargetDependency section */
		B78CE9572FADB777003F1CBB /* PBXTargetDependency */ = {
			isa = PBXTargetDependency;
			target = B78CE9472FADB775003F1CBB /* ViewModelProblemFixed2Demo */;
			targetProxy = B78CE9562FADB777003F1CBB /* PBXContainerItemProxy */;
		};
		B78CE9612FADB777003F1CBB /* PBXTargetDependency */ = {
			isa = PBXTargetDependency;
			target = B78CE9472FADB775003F1CBB /* ViewModelProblemFixed2Demo */;
			targetProxy = B78CE9602FADB777003F1CBB /* PBXContainerItemProxy */;
		};
/* End PBXTargetDependency section */

/* Begin XCBuildConfiguration section */
		B78CE9672FADB777003F1CBB /* Debug */ = {
			isa = XCBuildConfiguration;
			buildSettings = {
				ALWAYS_SEARCH_USER_PATHS = NO;
				ASSETCATALOG_COMPILER_GENERATE_SWIFT_ASSET_SYMBOL_EXTENSIONS = YES;
				CLANG_ANALYZER_NONNULL = YES;
				CLANG_ANALYZER_NUMBER_OBJECT_CONVERSION = YES_AGGRESSIVE;
				CLANG_CXX_LANGUAGE_STANDARD = "gnu++20";
				CLANG_ENABLE_MODULES = YES;
				CLANG_ENABLE_OBJC_ARC = YES;
				CLANG_ENABLE_OBJC_WEAK = YES;
				CLANG_WARN_BLOCK_CAPTURE_AUTORELEASING = YES;
				CLANG_WARN_BOOL_CONVERSION = YES;
				CLANG_WARN_COMMA = YES;
				CLANG_WARN_CONSTANT_CONVERSION = YES;
				CLANG_WARN_DEPRECATED_OBJC_IMPLEMENTATIONS = YES;
				CLANG_WARN_DIRECT_OBJC_ISA_USAGE = YES_ERROR;
				CLANG_WARN_DOCUMENTATION_COMMENTS = YES;
				CLANG_WARN_EMPTY_BODY = YES;
				CLANG_WARN_ENUM_CONVERSION = YES;
				CLANG_WARN_INFINITE_RECURSION = YES;
				CLANG_WARN_INT_CONVERSION = YES;
				CLANG_WARN_NON_LITERAL_NULL_CONVERSION = YES;
				CLANG_WARN_OBJC_IMPLICIT_RETAIN_SELF = YES;
				CLANG_WARN_OBJC_LITERAL_CONVERSION = YES;
				CLANG_WARN_OBJC_ROOT_CLASS = YES_ERROR;
				CLANG_WARN_QUOTED_INCLUDE_IN_FRAMEWORK_HEADER = YES;
				CLANG_WARN_RANGE_LOOP_ANALYSIS = YES;
				CLANG_WARN_STRICT_PROTOTYPES = YES;
				CLANG_WARN_SUSPICIOUS_MOVE = YES;
				CLANG_WARN_UNGUARDED_AVAILABILITY = YES_AGGRESSIVE;
				CLANG_WARN_UNREACHABLE_CODE = YES;
				CLANG_WARN__DUPLICATE_METHOD_MATCH = YES;
				COPY_PHASE_STRIP = NO;
				DEBUG_INFORMATION_FORMAT = dwarf;
				ENABLE_STRICT_OBJC_MSGSEND = YES;
				ENABLE_TESTABILITY = YES;
				ENABLE_USER_SCRIPT_SANDBOXING = YES;
				GCC_C_LANGUAGE_STANDARD = gnu17;
				GCC_DYNAMIC_NO_PIC = NO;
				GCC_NO_COMMON_BLOCKS = YES;
				GCC_OPTIMIZATION_LEVEL = 0;
				GCC_PREPROCESSOR_DEFINITIONS = (
					"DEBUG=1",
					"$(inherited)",
				);
				GCC_WARN_64_TO_32_BIT_CONVERSION = YES;
				GCC_WARN_ABOUT_RETURN_TYPE = YES_ERROR;
				GCC_WARN_UNDECLARED_SELECTOR = YES;
				GCC_WARN_UNINITIALIZED_AUTOS = YES_AGGRESSIVE;
				GCC_WARN_UNUSED_FUNCTION = YES;
				GCC_WARN_UNUSED_VARIABLE = YES;
				IPHONEOS_DEPLOYMENT_TARGET = 26.4;
				LOCALIZATION_PREFERS_STRING_CATALOGS = YES;
				MTL_ENABLE_DEBUG_INFO = INCLUDE_SOURCE;
				MTL_FAST_MATH = YES;
				ONLY_ACTIVE_ARCH = YES;
				SDKROOT = iphoneos;
				SWIFT_ACTIVE_COMPILATION_CONDITIONS = "DEBUG $(inherited)";
				SWIFT_OPTIMIZATION_LEVEL = "-Onone";
			};
			name = Debug;
		};
		B78CE9682FADB777003F1CBB /* Release */ = {
			isa = XCBuildConfiguration;
			buildSettings = {
				ALWAYS_SEARCH_USER_PATHS = NO;
				ASSETCATALOG_COMPILER_GENERATE_SWIFT_ASSET_SYMBOL_EXTENSIONS = YES;
				CLANG_ANALYZER_NONNULL = YES;
				CLANG_ANALYZER_NUMBER_OBJECT_CONVERSION = YES_AGGRESSIVE;
				CLANG_CXX_LANGUAGE_STANDARD = "gnu++20";
				CLANG_ENABLE_MODULES = YES;
				CLANG_ENABLE_OBJC_ARC = YES;
				CLANG_ENABLE_OBJC_WEAK = YES;
				CLANG_WARN_BLOCK_CAPTURE_AUTORELEASING = YES;
				CLANG_WARN_BOOL_CONVERSION = YES;
				CLANG_WARN_COMMA = YES;
				CLANG_WARN_CONSTANT_CONVERSION = YES;
				CLANG_WARN_DEPRECATED_OBJC_IMPLEMENTATIONS = YES;
				CLANG_WARN_DIRECT_OBJC_ISA_USAGE = YES_ERROR;
				CLANG_WARN_DOCUMENTATION_COMMENTS = YES;
				CLANG_WARN_EMPTY_BODY = YES;
				CLANG_WARN_ENUM_CONVERSION = YES;
				CLANG_WARN_INFINITE_RECURSION = YES;
				CLANG_WARN_INT_CONVERSION = YES;
				CLANG_WARN_NON_LITERAL_NULL_CONVERSION = YES;
				CLANG_WARN_OBJC_IMPLICIT_RETAIN_SELF = YES;
				CLANG_WARN_OBJC_LITERAL_CONVERSION = YES;
				CLANG_WARN_OBJC_ROOT_CLASS = YES_ERROR;
				CLANG_WARN_QUOTED_INCLUDE_IN_FRAMEWORK_HEADER = YES;
				CLANG_WARN_RANGE_LOOP_ANALYSIS = YES;
				CLANG_WARN_STRICT_PROTOTYPES = YES;
				CLANG_WARN_SUSPICIOUS_MOVE = YES;
				CLANG_WARN_UNGUARDED_AVAILABILITY = YES_AGGRESSIVE;
				CLANG_WARN_UNREACHABLE_CODE = YES;
				CLANG_WARN__DUPLICATE_METHOD_MATCH = YES;
				COPY_PHASE_STRIP = NO;
				DEBUG_INFORMATION_FORMAT = "dwarf-with-dsym";
				ENABLE_NS_ASSERTIONS = NO;
				ENABLE_STRICT_OBJC_MSGSEND = YES;
				ENABLE_USER_SCRIPT_SANDBOXING = YES;
				GCC_C_LANGUAGE_STANDARD = gnu17;
				GCC_NO_COMMON_BLOCKS = YES;
				GCC_WARN_64_TO_32_BIT_CONVERSION = YES;
				GCC_WARN_ABOUT_RETURN_TYPE = YES_ERROR;
				GCC_WARN_UNDECLARED_SELECTOR = YES;
				GCC_WARN_UNINITIALIZED_AUTOS = YES_AGGRESSIVE;
				GCC_WARN_UNUSED_FUNCTION = YES;
				GCC_WARN_UNUSED_VARIABLE = YES;
				IPHONEOS_DEPLOYMENT_TARGET = 26.4;
				LOCALIZATION_PREFERS_STRING_CATALOGS = YES;
				MTL_ENABLE_DEBUG_INFO = NO;
				MTL_FAST_MATH = YES;
				SDKROOT = iphoneos;
				SWIFT_COMPILATION_MODE = wholemodule;
				VALIDATE_PRODUCT = YES;
			};
			name = Release;
		};
		B78CE96A2FADB777003F1CBB /* Debug */ = {
			isa = XCBuildConfiguration;
			buildSettings = {
				ASSETCATALOG_COMPILER_APPICON_NAME = AppIcon;
				ASSETCATALOG_COMPILER_GLOBAL_ACCENT_COLOR_NAME = AccentColor;
				CODE_SIGN_STYLE = Automatic;
				CURRENT_PROJECT_VERSION = 1;
				ENABLE_PREVIEWS = YES;
				GENERATE_INFOPLIST_FILE = YES;
				INFOPLIST_KEY_UIApplicationSceneManifest_Generation = YES;
				INFOPLIST_KEY_UIApplicationSupportsIndirectInputEvents = YES;
				INFOPLIST_KEY_UILaunchScreen_Generation = YES;
				INFOPLIST_KEY_UISupportedInterfaceOrientations_iPad = "UIInterfaceOrientationPortrait UIInterfaceOrientationPortraitUpsideDown UIInterfaceOrientationLandscapeLeft UIInterfaceOrientationLandscapeRight";
				INFOPLIST_KEY_UISupportedInterfaceOrientations_iPhone = "UIInterfaceOrientationPortrait UIInterfaceOrientationLandscapeLeft UIInterfaceOrientationLandscapeRight";
				LD_RUNPATH_SEARCH_PATHS = (
					"$(inherited)",
					"@executable_path/Frameworks",
				);
				MARKETING_VERSION = 1.0;
				PRODUCT_BUNDLE_IDENTIFIER = exlinct.ViewModelProblemFixed2Demo;
				PRODUCT_NAME = "$(TARGET_NAME)";
				STRING_CATALOG_GENERATE_SYMBOLS = YES;
				SWIFT_APPROACHABLE_CONCURRENCY = YES;
				SWIFT_DEFAULT_ACTOR_ISOLATION = MainActor;
				SWIFT_EMIT_LOC_STRINGS = YES;
				SWIFT_UPCOMING_FEATURE_MEMBER_IMPORT_VISIBILITY = YES;
				SWIFT_VERSION = 5.0;
				TARGETED_DEVICE_FAMILY = "1,2";
			};
			name = Debug;
		};
		B78CE96B2FADB777003F1CBB /* Release */ = {
			isa = XCBuildConfiguration;
			buildSettings = {
				ASSETCATALOG_COMPILER_APPICON_NAME = AppIcon;
				ASSETCATALOG_COMPILER_GLOBAL_ACCENT_COLOR_NAME = AccentColor;
				CODE_SIGN_STYLE = Automatic;
				CURRENT_PROJECT_VERSION = 1;
				ENABLE_PREVIEWS = YES;
				GENERATE_INFOPLIST_FILE = YES;
				INFOPLIST_KEY_UIApplicationSceneManifest_Generation = YES;
				INFOPLIST_KEY_UIApplicationSupportsIndirectInputEvents = YES;
				INFOPLIST_KEY_UILaunchScreen_Generation = YES;
				INFOPLIST_KEY_UISupportedInterfaceOrientations_iPad = "UIInterfaceOrientationPortrait UIInterfaceOrientationPortraitUpsideDown UIInterfaceOrientationLandscapeLeft UIInterfaceOrientationLandscapeRight";
				INFOPLIST_KEY_UISupportedInterfaceOrientations_iPhone = "UIInterfaceOrientationPortrait UIInterfaceOrientationLandscapeLeft UIInterfaceOrientationLandscapeRight";
				LD_RUNPATH_SEARCH_PATHS = (
					"$(inherited)",
					"@executable_path/Frameworks",
				);
				MARKETING_VERSION = 1.0;
				PRODUCT_BUNDLE_IDENTIFIER = exlinct.ViewModelProblemFixed2Demo;
				PRODUCT_NAME = "$(TARGET_NAME)";
				STRING_CATALOG_GENERATE_SYMBOLS = YES;
				SWIFT_APPROACHABLE_CONCURRENCY = YES;
				SWIFT_DEFAULT_ACTOR_ISOLATION = MainActor;
				SWIFT_EMIT_LOC_STRINGS = YES;
				SWIFT_UPCOMING_FEATURE_MEMBER_IMPORT_VISIBILITY = YES;
				SWIFT_VERSION = 5.0;
				TARGETED_DEVICE_FAMILY = "1,2";
			};
			name = Release;
		};
		B78CE96D2FADB777003F1CBB /* Debug */ = {
			isa = XCBuildConfiguration;
			buildSettings = {
				BUNDLE_LOADER = "$(TEST_HOST)";
				CODE_SIGN_STYLE = Automatic;
				CURRENT_PROJECT_VERSION = 1;
				GENERATE_INFOPLIST_FILE = YES;
				IPHONEOS_DEPLOYMENT_TARGET = 26.4;
				MARKETING_VERSION = 1.0;
				PRODUCT_BUNDLE_IDENTIFIER = exlinct.ViewModelProblemFixed2DemoTests;
				PRODUCT_NAME = "$(TARGET_NAME)";
				STRING_CATALOG_GENERATE_SYMBOLS = NO;
				SWIFT_APPROACHABLE_CONCURRENCY = YES;
				SWIFT_EMIT_LOC_STRINGS = NO;
				SWIFT_UPCOMING_FEATURE_MEMBER_IMPORT_VISIBILITY = YES;
				SWIFT_VERSION = 5.0;
				TARGETED_DEVICE_FAMILY = "1,2";
				TEST_HOST = "$(BUILT_PRODUCTS_DIR)/ViewModelProblemFixed2Demo.app/$(BUNDLE_EXECUTABLE_FOLDER_PATH)/ViewModelProblemFixed2Demo";
			};
			name = Debug;
		};
		B78CE96E2FADB777003F1CBB /* Release */ = {
			isa = XCBuildConfiguration;
			buildSettings = {
				BUNDLE_LOADER = "$(TEST_HOST)";
				CODE_SIGN_STYLE = Automatic;
				CURRENT_PROJECT_VERSION = 1;
				GENERATE_INFOPLIST_FILE = YES;
				IPHONEOS_DEPLOYMENT_TARGET = 26.4;
				MARKETING_VERSION = 1.0;
				PRODUCT_BUNDLE_IDENTIFIER = exlinct.ViewModelProblemFixed2DemoTests;
				PRODUCT_NAME = "$(TARGET_NAME)";
				STRING_CATALOG_GENERATE_SYMBOLS = NO;
				SWIFT_APPROACHABLE_CONCURRENCY = YES;
				SWIFT_EMIT_LOC_STRINGS = NO;
				SWIFT_UPCOMING_FEATURE_MEMBER_IMPORT_VISIBILITY = YES;
				SWIFT_VERSION = 5.0;
				TARGETED_DEVICE_FAMILY = "1,2";
				TEST_HOST = "$(BUILT_PRODUCTS_DIR)/ViewModelProblemFixed2Demo.app/$(BUNDLE_EXECUTABLE_FOLDER_PATH)/ViewModelProblemFixed2Demo";
			};
			name = Release;
		};
		B78CE9702FADB777003F1CBB /* Debug */ = {
			isa = XCBuildConfiguration;
			buildSettings = {
				CODE_SIGN_STYLE = Automatic;
				CURRENT_PROJECT_VERSION = 1;
				GENERATE_INFOPLIST_FILE = YES;
				MARKETING_VERSION = 1.0;
				PRODUCT_BUNDLE_IDENTIFIER = exlinct.ViewModelProblemFixed2DemoUITests;
				PRODUCT_NAME = "$(TARGET_NAME)";
				STRING_CATALOG_GENERATE_SYMBOLS = NO;
				SWIFT_APPROACHABLE_CONCURRENCY = YES;
				SWIFT_EMIT_LOC_STRINGS = NO;
				SWIFT_UPCOMING_FEATURE_MEMBER_IMPORT_VISIBILITY = YES;
				SWIFT_VERSION = 5.0;
				TARGETED_DEVICE_FAMILY = "1,2";
				TEST_TARGET_NAME = ViewModelProblemFixed2Demo;
			};
			name = Debug;
		};
		B78CE9712FADB777003F1CBB /* Release */ = {
			isa = XCBuildConfiguration;
			buildSettings = {
				CODE_SIGN_STYLE = Automatic;
				CURRENT_PROJECT_VERSION = 1;
				GENERATE_INFOPLIST_FILE = YES;
				MARKETING_VERSION = 1.0;
				PRODUCT_BUNDLE_IDENTIFIER = exlinct.ViewModelProblemFixed2DemoUITests;
				PRODUCT_NAME = "$(TARGET_NAME)";
				STRING_CATALOG_GENERATE_SYMBOLS = NO;
				SWIFT_APPROACHABLE_CONCURRENCY = YES;
				SWIFT_EMIT_LOC_STRINGS = NO;
				SWIFT_UPCOMING_FEATURE_MEMBER_IMPORT_VISIBILITY = YES;
				SWIFT_VERSION = 5.0;
				TARGETED_DEVICE_FAMILY = "1,2";
				TEST_TARGET_NAME = ViewModelProblemFixed2Demo;
			};
			name = Release;
		};
/* End XCBuildConfiguration section */

/* Begin XCConfigurationList section */
		B78CE9432FADB775003F1CBB /* Build configuration list for PBXProject "ViewModelProblemFixed2Demo" */ = {
			isa = XCConfigurationList;
			buildConfigurations = (
				B78CE9672FADB777003F1CBB /* Debug */,
				B78CE9682FADB777003F1CBB /* Release */,
			);
			defaultConfigurationIsVisible = 0;
			defaultConfigurationName = Release;
		};
		B78CE9692FADB777003F1CBB /* Build configuration list for PBXNativeTarget "ViewModelProblemFixed2Demo" */ = {
			isa = XCConfigurationList;
			buildConfigurations = (
				B78CE96A2FADB777003F1CBB /* Debug */,
				B78CE96B2FADB777003F1CBB /* Release */,
			);
			defaultConfigurationIsVisible = 0;
			defaultConfigurationName = Release;
		};
		B78CE96C2FADB777003F1CBB /* Build configuration list for PBXNativeTarget "ViewModelProblemFixed2DemoTests" */ = {
			isa = XCConfigurationList;
			buildConfigurations = (
				B78CE96D2FADB777003F1CBB /* Debug */,
				B78CE96E2FADB777003F1CBB /* Release */,
			);
			defaultConfigurationIsVisible = 0;
			defaultConfigurationName = Release;
		};
		B78CE96F2FADB777003F1CBB /* Build configuration list for PBXNativeTarget "ViewModelProblemFixed2DemoUITests" */ = {
			isa = XCConfigurationList;
			buildConfigurations = (
				B78CE9702FADB777003F1CBB /* Debug */,
				B78CE9712FADB777003F1CBB /* Release */,
			);
			defaultConfigurationIsVisible = 0;
			defaultConfigurationName = Release;
		};
/* End XCConfigurationList section */
	};
	rootObject = B78CE9402FADB775003F1CBB /* Project object */;
}
