// !$*UTF8*$!
{
	archiveVersion = 1;
	classes = {
	};
	objectVersion = 77;
	objects = {

/* Begin PBXContainerItemProxy section */
		B743E21B2FB9BE990003925C /* PBXContainerItemProxy */ = {
			isa = PBXContainerItemProxy;
			containerPortal = B743E2052FB9BE970003925C /* Project object */;
			proxyType = 1;
			remoteGlobalIDString = B743E20C2FB9BE970003925C;
			remoteInfo = TypeSafeEventBusDemo;
		};
		B743E2252FB9BE990003925C /* PBXContainerItemProxy */ = {
			isa = PBXContainerItemProxy;
			containerPortal = B743E2052FB9BE970003925C /* Project object */;
			proxyType = 1;
			remoteGlobalIDString = B743E20C2FB9BE970003925C;
			remoteInfo = TypeSafeEventBusDemo;
		};
/* End PBXContainerItemProxy section */

/* Begin PBXFileReference section */
		B743E20D2FB9BE970003925C /* TypeSafeEventBusDemo.app */ = {isa = PBXFileReference; explicitFileType = wrapper.application; includeInIndex = 0; path = TypeSafeEventBusDemo.app; sourceTree = BUILT_PRODUCTS_DIR; };
		B743E21A2FB9BE990003925C /* TypeSafeEventBusDemoTests.xctest */ = {isa = PBXFileReference; explicitFileType = wrapper.cfbundle; includeInIndex = 0; path = TypeSafeEventBusDemoTests.xctest; sourceTree = BUILT_PRODUCTS_DIR; };
		B743E2242FB9BE990003925C /* TypeSafeEventBusDemoUITests.xctest */ = {isa = PBXFileReference; explicitFileType = wrapper.cfbundle; includeInIndex = 0; path = TypeSafeEventBusDemoUITests.xctest; sourceTree = BUILT_PRODUCTS_DIR; };
/* End PBXFileReference section */

/* Begin PBXFileSystemSynchronizedRootGroup section */
		B743E20F2FB9BE970003925C /* TypeSafeEventBusDemo */ = {
			isa = PBXFileSystemSynchronizedRootGroup;
			path = TypeSafeEventBusDemo;
			sourceTree = "<group>";
		};
		B743E21D2FB9BE990003925C /* TypeSafeEventBusDemoTests */ = {
			isa = PBXFileSystemSynchronizedRootGroup;
			path = TypeSafeEventBusDemoTests;
			sourceTree = "<group>";
		};
		B743E2272FB9BE990003925C /* TypeSafeEventBusDemoUITests */ = {
			isa = PBXFileSystemSynchronizedRootGroup;
			path = TypeSafeEventBusDemoUITests;
			sourceTree = "<group>";
		};
/* End PBXFileSystemSynchronizedRootGroup section */

/* Begin PBXFrameworksBuildPhase section */
		B743E20A2FB9BE970003925C /* Frameworks */ = {
			isa = PBXFrameworksBuildPhase;
			buildActionMask = 2147483647;
			files = (
			);
			runOnlyForDeploymentPostprocessing = 0;
		};
		B743E2172FB9BE990003925C /* Frameworks */ = {
			isa = PBXFrameworksBuildPhase;
			buildActionMask = 2147483647;
			files = (
			);
			runOnlyForDeploymentPostprocessing = 0;
		};
		B743E2212FB9BE990003925C /* Frameworks */ = {
			isa = PBXFrameworksBuildPhase;
			buildActionMask = 2147483647;
			files = (
			);
			runOnlyForDeploymentPostprocessing = 0;
		};
/* End PBXFrameworksBuildPhase section */

/* Begin PBXGroup section */
		B743E2042FB9BE970003925C = {
			isa = PBXGroup;
			children = (
				B743E20F2FB9BE970003925C /* TypeSafeEventBusDemo */,
				B743E21D2FB9BE990003925C /* TypeSafeEventBusDemoTests */,
				B743E2272FB9BE990003925C /* TypeSafeEventBusDemoUITests */,
				B743E20E2FB9BE970003925C /* Products */,
			);
			sourceTree = "<group>";
		};
		B743E20E2FB9BE970003925C /* Products */ = {
			isa = PBXGroup;
			children = (
				B743E20D2FB9BE970003925C /* TypeSafeEventBusDemo.app */,
				B743E21A2FB9BE990003925C /* TypeSafeEventBusDemoTests.xctest */,
				B743E2242FB9BE990003925C /* TypeSafeEventBusDemoUITests.xctest */,
			);
			name = Products;
			sourceTree = "<group>";
		};
/* End PBXGroup section */

/* Begin PBXNativeTarget section */
		B743E20C2FB9BE970003925C /* TypeSafeEventBusDemo */ = {
			isa = PBXNativeTarget;
			buildConfigurationList = B743E22E2FB9BE990003925C /* Build configuration list for PBXNativeTarget "TypeSafeEventBusDemo" */;
			buildPhases = (
				B743E2092FB9BE970003925C /* Sources */,
				B743E20A2FB9BE970003925C /* Frameworks */,
				B743E20B2FB9BE970003925C /* Resources */,
			);
			buildRules = (
			);
			dependencies = (
			);
			fileSystemSynchronizedGroups = (
				B743E20F2FB9BE970003925C /* TypeSafeEventBusDemo */,
			);
			name = TypeSafeEventBusDemo;
			packageProductDependencies = (
			);
			productName = TypeSafeEventBusDemo;
			productReference = B743E20D2FB9BE970003925C /* TypeSafeEventBusDemo.app */;
			productType = "com.apple.product-type.application";
		};
		B743E2192FB9BE990003925C /* TypeSafeEventBusDemoTests */ = {
			isa = PBXNativeTarget;
			buildConfigurationList = B743E2312FB9BE990003925C /* Build configuration list for PBXNativeTarget "TypeSafeEventBusDemoTests" */;
			buildPhases = (
				B743E2162FB9BE990003925C /* Sources */,
				B743E2172FB9BE990003925C /* Frameworks */,
				B743E2182FB9BE990003925C /* Resources */,
			);
			buildRules = (
			);
			dependencies = (
				B743E21C2FB9BE990003925C /* PBXTargetDependency */,
			);
			fileSystemSynchronizedGroups = (
				B743E21D2FB9BE990003925C /* TypeSafeEventBusDemoTests */,
			);
			name = TypeSafeEventBusDemoTests;
			packageProductDependencies = (
			);
			productName = TypeSafeEventBusDemoTests;
			productReference = B743E21A2FB9BE990003925C /* TypeSafeEventBusDemoTests.xctest */;
			productType = "com.apple.product-type.bundle.unit-test";
		};
		B743E2232FB9BE990003925C /* TypeSafeEventBusDemoUITests */ = {
			isa = PBXNativeTarget;
			buildConfigurationList = B743E2342FB9BE990003925C /* Build configuration list for PBXNativeTarget "TypeSafeEventBusDemoUITests" */;
			buildPhases = (
				B743E2202FB9BE990003925C /* Sources */,
				B743E2212FB9BE990003925C /* Frameworks */,
				B743E2222FB9BE990003925C /* Resources */,
			);
			buildRules = (
			);
			dependencies = (
				B743E2262FB9BE990003925C /* PBXTargetDependency */,
			);
			fileSystemSynchronizedGroups = (
				B743E2272FB9BE990003925C /* TypeSafeEventBusDemoUITests */,
			);
			name = TypeSafeEventBusDemoUITests;
			packageProductDependencies = (
			);
			productName = TypeSafeEventBusDemoUITests;
			productReference = B743E2242FB9BE990003925C /* TypeSafeEventBusDemoUITests.xctest */;
			productType = "com.apple.product-type.bundle.ui-testing";
		};
/* End PBXNativeTarget section */

/* Begin PBXProject section */
		B743E2052FB9BE970003925C /* Project object */ = {
			isa = PBXProject;
			attributes = {
				BuildIndependentTargetsInParallel = 1;
				LastSwiftUpdateCheck = 2650;
				LastUpgradeCheck = 2650;
				TargetAttributes = {
					B743E20C2FB9BE970003925C = {
						CreatedOnToolsVersion = 26.5;
					};
					B743E2192FB9BE990003925C = {
						CreatedOnToolsVersion = 26.5;
						TestTargetID = B743E20C2FB9BE970003925C;
					};
					B743E2232FB9BE990003925C = {
						CreatedOnToolsVersion = 26.5;
						TestTargetID = B743E20C2FB9BE970003925C;
					};
				};
			};
			buildConfigurationList = B743E2082FB9BE970003925C /* Build configuration list for PBXProject "TypeSafeEventBusDemo" */;
			developmentRegion = en;
			hasScannedForEncodings = 0;
			knownRegions = (
				en,
				Base,
			);
			mainGroup = B743E2042FB9BE970003925C;
			minimizedProjectReferenceProxies = 1;
			preferredProjectObjectVersion = 77;
			productRefGroup = B743E20E2FB9BE970003925C /* Products */;
			projectDirPath = "";
			projectRoot = "";
			targets = (
				B743E20C2FB9BE970003925C /* TypeSafeEventBusDemo */,
				B743E2192FB9BE990003925C /* TypeSafeEventBusDemoTests */,
				B743E2232FB9BE990003925C /* TypeSafeEventBusDemoUITests */,
			);
		};
/* End PBXProject section */

/* Begin PBXResourcesBuildPhase section */
		B743E20B2FB9BE970003925C /* Resources */ = {
			isa = PBXResourcesBuildPhase;
			buildActionMask = 2147483647;
			files = (
			);
			runOnlyForDeploymentPostprocessing = 0;
		};
		B743E2182FB9BE990003925C /* Resources */ = {
			isa = PBXResourcesBuildPhase;
			buildActionMask = 2147483647;
			files = (
			);
			runOnlyForDeploymentPostprocessing = 0;
		};
		B743E2222FB9BE990003925C /* Resources */ = {
			isa = PBXResourcesBuildPhase;
			buildActionMask = 2147483647;
			files = (
			);
			runOnlyForDeploymentPostprocessing = 0;
		};
/* End PBXResourcesBuildPhase section */

/* Begin PBXSourcesBuildPhase section */
		B743E2092FB9BE970003925C /* Sources */ = {
			isa = PBXSourcesBuildPhase;
			buildActionMask = 2147483647;
			files = (
			);
			runOnlyForDeploymentPostprocessing = 0;
		};
		B743E2162FB9BE990003925C /* Sources */ = {
			isa = PBXSourcesBuildPhase;
			buildActionMask = 2147483647;
			files = (
			);
			runOnlyForDeploymentPostprocessing = 0;
		};
		B743E2202FB9BE990003925C /* Sources */ = {
			isa = PBXSourcesBuildPhase;
			buildActionMask = 2147483647;
			files = (
			);
			runOnlyForDeploymentPostprocessing = 0;
		};
/* End PBXSourcesBuildPhase section */

/* Begin PBXTargetDependency section */
		B743E21C2FB9BE990003925C /* PBXTargetDependency */ = {
			isa = PBXTargetDependency;
			target = B743E20C2FB9BE970003925C /* TypeSafeEventBusDemo */;
			targetProxy = B743E21B2FB9BE990003925C /* PBXContainerItemProxy */;
		};
		B743E2262FB9BE990003925C /* PBXTargetDependency */ = {
			isa = PBXTargetDependency;
			target = B743E20C2FB9BE970003925C /* TypeSafeEventBusDemo */;
			targetProxy = B743E2252FB9BE990003925C /* PBXContainerItemProxy */;
		};
/* End PBXTargetDependency section */

/* Begin XCBuildConfiguration section */
		B743E22C2FB9BE990003925C /* Debug */ = {
			isa = XCBuildConfiguration;
			buildSettings = {
				ALWAYS_SEARCH_USER_PATHS = NO;
				ASSETCATALOG_COMPILER_GENERATE_SWIFT_ASSET_SYMBOL_EXTENSIONS = YES;
				CLANG_ANALYZER_NONNULL = YES;
				CLANG_ANALYZER_NUMBER_OBJECT_CONVERSION = YES_AGGRESSIVE;
				CLANG_CXX_LANGUAGE_STANDARD = "gnu++20";
				CLANG_ENABLE_MODULES = YES;
				CLANG_ENABLE_OBJC_ARC = YES;
				CLANG_ENABLE_OBJC_WEAK = YES;
				CLANG_WARN_BLOCK_CAPTURE_AUTORELEASING = YES;
				CLANG_WARN_BOOL_CONVERSION = YES;
				CLANG_WARN_COMMA = YES;
				CLANG_WARN_CONSTANT_CONVERSION = YES;
				CLANG_WARN_DEPRECATED_OBJC_IMPLEMENTATIONS = YES;
				CLANG_WARN_DIRECT_OBJC_ISA_USAGE = YES_ERROR;
				CLANG_WARN_DOCUMENTATION_COMMENTS = YES;
				CLANG_WARN_EMPTY_BODY = YES;
				CLANG_WARN_ENUM_CONVERSION = YES;
				CLANG_WARN_INFINITE_RECURSION = YES;
				CLANG_WARN_INT_CONVERSION = YES;
				CLANG_WARN_NON_LITERAL_NULL_CONVERSION = YES;
				CLANG_WARN_OBJC_IMPLICIT_RETAIN_SELF = YES;
				CLANG_WARN_OBJC_LITERAL_CONVERSION = YES;
				CLANG_WARN_OBJC_ROOT_CLASS = YES_ERROR;
				CLANG_WARN_QUOTED_INCLUDE_IN_FRAMEWORK_HEADER = YES;
				CLANG_WARN_RANGE_LOOP_ANALYSIS = YES;
				CLANG_WARN_STRICT_PROTOTYPES = YES;
				CLANG_WARN_SUSPICIOUS_MOVE = YES;
				CLANG_WARN_UNGUARDED_AVAILABILITY = YES_AGGRESSIVE;
				CLANG_WARN_UNREACHABLE_CODE = YES;
				CLANG_WARN__DUPLICATE_METHOD_MATCH = YES;
				COPY_PHASE_STRIP = NO;
				DEBUG_INFORMATION_FORMAT = dwarf;
				ENABLE_STRICT_OBJC_MSGSEND = YES;
				ENABLE_TESTABILITY = YES;
				ENABLE_USER_SCRIPT_SANDBOXING = YES;
				GCC_C_LANGUAGE_STANDARD = gnu17;
				GCC_DYNAMIC_NO_PIC = NO;
				GCC_NO_COMMON_BLOCKS = YES;
				GCC_OPTIMIZATION_LEVEL = 0;
				GCC_PREPROCESSOR_DEFINITIONS = (
					"DEBUG=1",
					"$(inherited)",
				);
				GCC_WARN_64_TO_32_BIT_CONVERSION = YES;
				GCC_WARN_ABOUT_RETURN_TYPE = YES_ERROR;
				GCC_WARN_UNDECLARED_SELECTOR = YES;
				GCC_WARN_UNINITIALIZED_AUTOS = YES_AGGRESSIVE;
				GCC_WARN_UNUSED_FUNCTION = YES;
				GCC_WARN_UNUSED_VARIABLE = YES;
				IPHONEOS_DEPLOYMENT_TARGET = 26.5;
				LOCALIZATION_PREFERS_STRING_CATALOGS = YES;
				MTL_ENABLE_DEBUG_INFO = INCLUDE_SOURCE;
				MTL_FAST_MATH = YES;
				ONLY_ACTIVE_ARCH = YES;
				SDKROOT = iphoneos;
				SWIFT_ACTIVE_COMPILATION_CONDITIONS = "DEBUG $(inherited)";
				SWIFT_OPTIMIZATION_LEVEL = "-Onone";
			};
			name = Debug;
		};
		B743E22D2FB9BE990003925C /* Release */ = {
			isa = XCBuildConfiguration;
			buildSettings = {
				ALWAYS_SEARCH_USER_PATHS = NO;
				ASSETCATALOG_COMPILER_GENERATE_SWIFT_ASSET_SYMBOL_EXTENSIONS = YES;
				CLANG_ANALYZER_NONNULL = YES;
				CLANG_ANALYZER_NUMBER_OBJECT_CONVERSION = YES_AGGRESSIVE;
				CLANG_CXX_LANGUAGE_STANDARD = "gnu++20";
				CLANG_ENABLE_MODULES = YES;
				CLANG_ENABLE_OBJC_ARC = YES;
				CLANG_ENABLE_OBJC_WEAK = YES;
				CLANG_WARN_BLOCK_CAPTURE_AUTORELEASING = YES;
				CLANG_WARN_BOOL_CONVERSION = YES;
				CLANG_WARN_COMMA = YES;
				CLANG_WARN_CONSTANT_CONVERSION = YES;
				CLANG_WARN_DEPRECATED_OBJC_IMPLEMENTATIONS = YES;
				CLANG_WARN_DIRECT_OBJC_ISA_USAGE = YES_ERROR;
				CLANG_WARN_DOCUMENTATION_COMMENTS = YES;
				CLANG_WARN_EMPTY_BODY = YES;
				CLANG_WARN_ENUM_CONVERSION = YES;
				CLANG_WARN_INFINITE_RECURSION = YES;
				CLANG_WARN_INT_CONVERSION = YES;
				CLANG_WARN_NON_LITERAL_NULL_CONVERSION = YES;
				CLANG_WARN_OBJC_IMPLICIT_RETAIN_SELF = YES;
				CLANG_WARN_OBJC_LITERAL_CONVERSION = YES;
				CLANG_WARN_OBJC_ROOT_CLASS = YES_ERROR;
				CLANG_WARN_QUOTED_INCLUDE_IN_FRAMEWORK_HEADER = YES;
				CLANG_WARN_RANGE_LOOP_ANALYSIS = YES;
				CLANG_WARN_STRICT_PROTOTYPES = YES;
				CLANG_WARN_SUSPICIOUS_MOVE = YES;
				CLANG_WARN_UNGUARDED_AVAILABILITY = YES_AGGRESSIVE;
				CLANG_WARN_UNREACHABLE_CODE = YES;
				CLANG_WARN__DUPLICATE_METHOD_MATCH = YES;
				COPY_PHASE_STRIP = NO;
				DEBUG_INFORMATION_FORMAT = "dwarf-with-dsym";
				ENABLE_NS_ASSERTIONS = NO;
				ENABLE_STRICT_OBJC_MSGSEND = YES;
				ENABLE_USER_SCRIPT_SANDBOXING = YES;
				GCC_C_LANGUAGE_STANDARD = gnu17;
				GCC_NO_COMMON_BLOCKS = YES;
				GCC_WARN_64_TO_32_BIT_CONVERSION = YES;
				GCC_WARN_ABOUT_RETURN_TYPE = YES_ERROR;
				GCC_WARN_UNDECLARED_SELECTOR = YES;
				GCC_WARN_UNINITIALIZED_AUTOS = YES_AGGRESSIVE;
				GCC_WARN_UNUSED_FUNCTION = YES;
				GCC_WARN_UNUSED_VARIABLE = YES;
				IPHONEOS_DEPLOYMENT_TARGET = 26.5;
				LOCALIZATION_PREFERS_STRING_CATALOGS = YES;
				MTL_ENABLE_DEBUG_INFO = NO;
				MTL_FAST_MATH = YES;
				SDKROOT = iphoneos;
				SWIFT_COMPILATION_MODE = wholemodule;
				VALIDATE_PRODUCT = YES;
			};
			name = Release;
		};
		B743E22F2FB9BE990003925C /* Debug */ = {
			isa = XCBuildConfiguration;
			buildSettings = {
				ASSETCATALOG_COMPILER_APPICON_NAME = AppIcon;
				ASSETCATALOG_COMPILER_GLOBAL_ACCENT_COLOR_NAME = AccentColor;
				CODE_SIGN_STYLE = Automatic;
				CURRENT_PROJECT_VERSION = 1;
				ENABLE_PREVIEWS = YES;
				GENERATE_INFOPLIST_FILE = YES;
				INFOPLIST_KEY_UIApplicationSceneManifest_Generation = YES;
				INFOPLIST_KEY_UIApplicationSupportsIndirectInputEvents = YES;
				INFOPLIST_KEY_UILaunchScreen_Generation = YES;
				INFOPLIST_KEY_UISupportedInterfaceOrientations_iPad = "UIInterfaceOrientationPortrait UIInterfaceOrientationPortraitUpsideDown UIInterfaceOrientationLandscapeLeft UIInterfaceOrientationLandscapeRight";
				INFOPLIST_KEY_UISupportedInterfaceOrientations_iPhone = "UIInterfaceOrientationPortrait UIInterfaceOrientationLandscapeLeft UIInterfaceOrientationLandscapeRight";
				LD_RUNPATH_SEARCH_PATHS = (
					"$(inherited)",
					"@executable_path/Frameworks",
				);
				MARKETING_VERSION = 1.0;
				PRODUCT_BUNDLE_IDENTIFIER = exlinct.TypeSafeEventBusDemo;
				PRODUCT_NAME = "$(TARGET_NAME)";
				STRING_CATALOG_GENERATE_SYMBOLS = YES;
				SWIFT_APPROACHABLE_CONCURRENCY = YES;
				SWIFT_DEFAULT_ACTOR_ISOLATION = MainActor;
				SWIFT_EMIT_LOC_STRINGS = YES;
				SWIFT_UPCOMING_FEATURE_MEMBER_IMPORT_VISIBILITY = YES;
				SWIFT_VERSION = 5.0;
				TARGETED_DEVICE_FAMILY = "1,2";
			};
			name = Debug;
		};
		B743E2302FB9BE990003925C /* Release */ = {
			isa = XCBuildConfiguration;
			buildSettings = {
				ASSETCATALOG_COMPILER_APPICON_NAME = AppIcon;
				ASSETCATALOG_COMPILER_GLOBAL_ACCENT_COLOR_NAME = AccentColor;
				CODE_SIGN_STYLE = Automatic;
				CURRENT_PROJECT_VERSION = 1;
				ENABLE_PREVIEWS = YES;
				GENERATE_INFOPLIST_FILE = YES;
				INFOPLIST_KEY_UIApplicationSceneManifest_Generation = YES;
				INFOPLIST_KEY_UIApplicationSupportsIndirectInputEvents = YES;
				INFOPLIST_KEY_UILaunchScreen_Generation = YES;
				INFOPLIST_KEY_UISupportedInterfaceOrientations_iPad = "UIInterfaceOrientationPortrait UIInterfaceOrientationPortraitUpsideDown UIInterfaceOrientationLandscapeLeft UIInterfaceOrientationLandscapeRight";
				INFOPLIST_KEY_UISupportedInterfaceOrientations_iPhone = "UIInterfaceOrientationPortrait UIInterfaceOrientationLandscapeLeft UIInterfaceOrientationLandscapeRight";
				LD_RUNPATH_SEARCH_PATHS = (
					"$(inherited)",
					"@executable_path/Frameworks",
				);
				MARKETING_VERSION = 1.0;
				PRODUCT_BUNDLE_IDENTIFIER = exlinct.TypeSafeEventBusDemo;
				PRODUCT_NAME = "$(TARGET_NAME)";
				STRING_CATALOG_GENERATE_SYMBOLS = YES;
				SWIFT_APPROACHABLE_CONCURRENCY = YES;
				SWIFT_DEFAULT_ACTOR_ISOLATION = MainActor;
				SWIFT_EMIT_LOC_STRINGS = YES;
				SWIFT_UPCOMING_FEATURE_MEMBER_IMPORT_VISIBILITY = YES;
				SWIFT_VERSION = 5.0;
				TARGETED_DEVICE_FAMILY = "1,2";
			};
			name = Release;
		};
		B743E2322FB9BE990003925C /* Debug */ = {
			isa = XCBuildConfiguration;
			buildSettings = {
				BUNDLE_LOADER = "$(TEST_HOST)";
				CODE_SIGN_STYLE = Automatic;
				CURRENT_PROJECT_VERSION = 1;
				GENERATE_INFOPLIST_FILE = YES;
				IPHONEOS_DEPLOYMENT_TARGET = 26.5;
				MARKETING_VERSION = 1.0;
				PRODUCT_BUNDLE_IDENTIFIER = exlinct.TypeSafeEventBusDemoTests;
				PRODUCT_NAME = "$(TARGET_NAME)";
				STRING_CATALOG_GENERATE_SYMBOLS = NO;
				SWIFT_APPROACHABLE_CONCURRENCY = YES;
				SWIFT_EMIT_LOC_STRINGS = NO;
				SWIFT_UPCOMING_FEATURE_MEMBER_IMPORT_VISIBILITY = YES;
				SWIFT_VERSION = 5.0;
				TARGETED_DEVICE_FAMILY = "1,2";
				TEST_HOST = "$(BUILT_PRODUCTS_DIR)/TypeSafeEventBusDemo.app/$(BUNDLE_EXECUTABLE_FOLDER_PATH)/TypeSafeEventBusDemo";
			};
			name = Debug;
		};
		B743E2332FB9BE990003925C /* Release */ = {
			isa = XCBuildConfiguration;
			buildSettings = {
				BUNDLE_LOADER = "$(TEST_HOST)";
				CODE_SIGN_STYLE = Automatic;
				CURRENT_PROJECT_VERSION = 1;
				GENERATE_INFOPLIST_FILE = YES;
				IPHONEOS_DEPLOYMENT_TARGET = 26.5;
				MARKETING_VERSION = 1.0;
				PRODUCT_BUNDLE_IDENTIFIER = exlinct.TypeSafeEventBusDemoTests;
				PRODUCT_NAME = "$(TARGET_NAME)";
				STRING_CATALOG_GENERATE_SYMBOLS = NO;
				SWIFT_APPROACHABLE_CONCURRENCY = YES;
				SWIFT_EMIT_LOC_STRINGS = NO;
				SWIFT_UPCOMING_FEATURE_MEMBER_IMPORT_VISIBILITY = YES;
				SWIFT_VERSION = 5.0;
				TARGETED_DEVICE_FAMILY = "1,2";
				TEST_HOST = "$(BUILT_PRODUCTS_DIR)/TypeSafeEventBusDemo.app/$(BUNDLE_EXECUTABLE_FOLDER_PATH)/TypeSafeEventBusDemo";
			};
			name = Release;
		};
		B743E2352FB9BE990003925C /* Debug */ = {
			isa = XCBuildConfiguration;
			buildSettings = {
				CODE_SIGN_STYLE = Automatic;
				CURRENT_PROJECT_VERSION = 1;
				GENERATE_INFOPLIST_FILE = YES;
				MARKETING_VERSION = 1.0;
				PRODUCT_BUNDLE_IDENTIFIER = exlinct.TypeSafeEventBusDemoUITests;
				PRODUCT_NAME = "$(TARGET_NAME)";
				STRING_CATALOG_GENERATE_SYMBOLS = NO;
				SWIFT_APPROACHABLE_CONCURRENCY = YES;
				SWIFT_EMIT_LOC_STRINGS = NO;
				SWIFT_UPCOMING_FEATURE_MEMBER_IMPORT_VISIBILITY = YES;
				SWIFT_VERSION = 5.0;
				TARGETED_DEVICE_FAMILY = "1,2";
				TEST_TARGET_NAME = TypeSafeEventBusDemo;
			};
			name = Debug;
		};
		B743E2362FB9BE990003925C /* Release */ = {
			isa = XCBuildConfiguration;
			buildSettings = {
				CODE_SIGN_STYLE = Automatic;
				CURRENT_PROJECT_VERSION = 1;
				GENERATE_INFOPLIST_FILE = YES;
				MARKETING_VERSION = 1.0;
				PRODUCT_BUNDLE_IDENTIFIER = exlinct.TypeSafeEventBusDemoUITests;
				PRODUCT_NAME = "$(TARGET_NAME)";
				STRING_CATALOG_GENERATE_SYMBOLS = NO;
				SWIFT_APPROACHABLE_CONCURRENCY = YES;
				SWIFT_EMIT_LOC_STRINGS = NO;
				SWIFT_UPCOMING_FEATURE_MEMBER_IMPORT_VISIBILITY = YES;
				SWIFT_VERSION = 5.0;
				TARGETED_DEVICE_FAMILY = "1,2";
				TEST_TARGET_NAME = TypeSafeEventBusDemo;
			};
			name = Release;
		};
/* End XCBuildConfiguration section */

/* Begin XCConfigurationList section */
		B743E2082FB9BE970003925C /* Build configuration list for PBXProject "TypeSafeEventBusDemo" */ = {
			isa = XCConfigurationList;
			buildConfigurations = (
				B743E22C2FB9BE990003925C /* Debug */,
				B743E22D2FB9BE990003925C /* Release */,
			);
			defaultConfigurationIsVisible = 0;
			defaultConfigurationName = Release;
		};
		B743E22E2FB9BE990003925C /* Build configuration list for PBXNativeTarget "TypeSafeEventBusDemo" */ = {
			isa = XCConfigurationList;
			buildConfigurations = (
				B743E22F2FB9BE990003925C /* Debug */,
				B743E2302FB9BE990003925C /* Release */,
			);
			defaultConfigurationIsVisible = 0;
			defaultConfigurationName = Release;
		};
		B743E2312FB9BE990003925C /* Build configuration list for PBXNativeTarget "TypeSafeEventBusDemoTests" */ = {
			isa = XCConfigurationList;
			buildConfigurations = (
				B743E2322FB9BE990003925C /* Debug */,
				B743E2332FB9BE990003925C /* Release */,
			);
			defaultConfigurationIsVisible = 0;
			defaultConfigurationName = Release;
		};
		B743E2342FB9BE990003925C /* Build configuration list for PBXNativeTarget "TypeSafeEventBusDemoUITests" */ = {
			isa = XCConfigurationList;
			buildConfigurations = (
				B743E2352FB9BE990003925C /* Debug */,
				B743E2362FB9BE990003925C /* Release */,
			);
			defaultConfigurationIsVisible = 0;
			defaultConfigurationName = Release;
		};
/* End XCConfigurationList section */
	};
	rootObject = B743E2052FB9BE970003925C /* Project object */;
}
